// !$*UTF8*$!
{
	archiveVersion = 1;
	classes = {
	};
	objectVersion = 46;
	objects = {

/* Begin PBXCopyFilesBuildPhase section */
		D2BA092C1EA4DF8B00C97E08 /* CopyFiles */ = {
			isa = PBXCopyFilesBuildPhase;
			buildActionMask = 2147483647;
			dstPath = /usr/share/man/man1/;
			dstSubfolderSpec = 0;
			files = (
			);
			runOnlyForDeploymentPostprocessing = 1;
		};
/* End PBXCopyFilesBuildPhase section */

/* Begin PBXFileReference section */
		D22D707E1EB9D899002C4A42 /* urlsessionconfiguration.swift */ = {isa = PBXFileReference; lastKnownFileType = sourcecode.swift; path = urlsessionconfiguration.swift; sourceTree = SOURCE_ROOT; };
		D22D70811EB9DE91002C4A42 /* urlsessionrequest.swift */ = {isa = PBXFileReference; fileEncoding = 4; lastKnownFileType = sourcecode.swift; path = urlsessionrequest.swift; sourceTree = SOURCE_ROOT; };
		D22D70861EB9FCB4002C4A42 /* alamofire-router.swift */ = {isa = PBXFileReference; fileEncoding = 4; lastKnownFileType = sourcecode.swift; path = "alamofire-router.swift"; sourceTree = SOURCE_ROOT; };
		D22D70881EBA005D002C4A42 /* alamofire-sessionmanager.swift */ = {isa = PBXFileReference; fileEncoding = 4; lastKnownFileType = sourcecode.swift; path = "alamofire-sessionmanager.swift"; sourceTree = SOURCE_ROOT; };
		D22D70AA1EBA1D0D002C4A42 /* moya-target.swift */ = {isa = PBXFileReference; fileEncoding = 4; lastKnownFileType = sourcecode.swift; path = "moya-target.swift"; sourceTree = SOURCE_ROOT; };
		D22D70AC1EBA2463002C4A42 /* moya-provider.swift */ = {isa = PBXFileReference; fileEncoding = 4; lastKnownFileType = sourcecode.swift; path = "moya-provider.swift"; sourceTree = SOURCE_ROOT; };
		D22D70AE1EBA2D1B002C4A42 /* moya-reactive-extensions.swift */ = {isa = PBXFileReference; fileEncoding = 4; lastKnownFileType = sourcecode.swift; path = "moya-reactive-extensions.swift"; sourceTree = SOURCE_ROOT; };
		D22D70B01EBA7F0E002C4A42 /* realm-object.swift */ = {isa = PBXFileReference; fileEncoding = 4; lastKnownFileType = sourcecode.swift; path = "realm-object.swift"; sourceTree = SOURCE_ROOT; };
		D22D70B21EBA81C1002C4A42 /* realm-write.swift */ = {isa = PBXFileReference; fileEncoding = 4; lastKnownFileType = sourcecode.swift; path = "realm-write.swift"; sourceTree = SOURCE_ROOT; };
		D2BA092E1EA4DF8B00C97E08 /* bi-bap-sample-code */ = {isa = PBXFileReference; explicitFileType = "compiled.mach-o.executable"; includeInIndex = 0; path = "bi-bap-sample-code"; sourceTree = BUILT_PRODUCTS_DIR; };
		D2BA09381EA4E02200C97E08 /* create-dispatch-queue.swift */ = {isa = PBXFileReference; fileEncoding = 4; lastKnownFileType = sourcecode.swift; path = "create-dispatch-queue.swift"; sourceTree = SOURCE_ROOT; };
		D2BA09391EA4E02200C97E08 /* operation-queue-demonstration.swift */ = {isa = PBXFileReference; fileEncoding = 4; lastKnownFileType = sourcecode.swift; path = "operation-queue-demonstration.swift"; sourceTree = SOURCE_ROOT; };
		D2BA093C1EA4E73500C97E08 /* bdd-dsl.swift */ = {isa = PBXFileReference; lastKnownFileType = sourcecode.swift; path = "bdd-dsl.swift"; sourceTree = SOURCE_ROOT; };
		D2BA093D1EA4EEC500C97E08 /* mvc-model.swift */ = {isa = PBXFileReference; lastKnownFileType = sourcecode.swift; path = "mvc-model.swift"; sourceTree = SOURCE_ROOT; };
		D2BA093E1EA4EF5F00C97E08 /* mvc-view.swift */ = {isa = PBXFileReference; lastKnownFileType = sourcecode.swift; path = "mvc-view.swift"; sourceTree = SOURCE_ROOT; };
		D2BA093F1EA50D7800C97E08 /* mvc-view-controller.swift */ = {isa = PBXFileReference; lastKnownFileType = sourcecode.swift; path = "mvc-view-controller.swift"; sourceTree = SOURCE_ROOT; };
		D2BA09401EA5185E00C97E08 /* mvvm-view-model.swift */ = {isa = PBXFileReference; lastKnownFileType = sourcecode.swift; path = "mvvm-view-model.swift"; sourceTree = SOURCE_ROOT; };
		D2BA09411EA5191800C97E08 /* mvvm-view-controller.swift */ = {isa = PBXFileReference; lastKnownFileType = sourcecode.swift; path = "mvvm-view-controller.swift"; sourceTree = SOURCE_ROOT; };
/* End PBXFileReference section */

/* Begin PBXFrameworksBuildPhase section */
		D2BA092B1EA4DF8B00C97E08 /* Frameworks */ = {
			isa = PBXFrameworksBuildPhase;
			buildActionMask = 2147483647;
			files = (
			);
			runOnlyForDeploymentPostprocessing = 0;
		};
/* End PBXFrameworksBuildPhase section */

/* Begin PBXGroup section */
		D2BA09251EA4DF8B00C97E08 = {
			isa = PBXGroup;
			children = (
				D2BA09301EA4DF8B00C97E08 /* bi-bap-sample-code */,
				D2BA092F1EA4DF8B00C97E08 /* Products */,
			);
			sourceTree = "<group>";
		};
		D2BA092F1EA4DF8B00C97E08 /* Products */ = {
			isa = PBXGroup;
			children = (
				D2BA092E1EA4DF8B00C97E08 /* bi-bap-sample-code */,
			);
			name = Products;
			sourceTree = "<group>";
		};
		D2BA09301EA4DF8B00C97E08 /* bi-bap-sample-code */ = {
			isa = PBXGroup;
			children = (
				D2BA09381EA4E02200C97E08 /* create-dispatch-queue.swift */,
				D2BA09391EA4E02200C97E08 /* operation-queue-demonstration.swift */,
				D2BA093C1EA4E73500C97E08 /* bdd-dsl.swift */,
				D2BA093D1EA4EEC500C97E08 /* mvc-model.swift */,
				D2BA093E1EA4EF5F00C97E08 /* mvc-view.swift */,
				D2BA093F1EA50D7800C97E08 /* mvc-view-controller.swift */,
				D2BA09401EA5185E00C97E08 /* mvvm-view-model.swift */,
				D2BA09411EA5191800C97E08 /* mvvm-view-controller.swift */,
				D22D707E1EB9D899002C4A42 /* urlsessionconfiguration.swift */,
				D22D70811EB9DE91002C4A42 /* urlsessionrequest.swift */,
				D22D70861EB9FCB4002C4A42 /* alamofire-router.swift */,
				D22D70881EBA005D002C4A42 /* alamofire-sessionmanager.swift */,
				D22D70AA1EBA1D0D002C4A42 /* moya-target.swift */,
				D22D70AC1EBA2463002C4A42 /* moya-provider.swift */,
				D22D70AE1EBA2D1B002C4A42 /* moya-reactive-extensions.swift */,
				D22D70B01EBA7F0E002C4A42 /* realm-object.swift */,
				D22D70B21EBA81C1002C4A42 /* realm-write.swift */,
			);
			path = "bi-bap-sample-code";
			sourceTree = "<group>";
		};
/* End PBXGroup section */

/* Begin PBXNativeTarget section */
		D2BA092D1EA4DF8B00C97E08 /* bi-bap-sample-code */ = {
			isa = PBXNativeTarget;
			buildConfigurationList = D2BA09351EA4DF8B00C97E08 /* Build configuration list for PBXNativeTarget "bi-bap-sample-code" */;
			buildPhases = (
				D2BA092B1EA4DF8B00C97E08 /* Frameworks */,
				D2BA092C1EA4DF8B00C97E08 /* CopyFiles */,
				D22D707F1EB9D917002C4A42 /* Sources */,
			);
			buildRules = (
			);
			dependencies = (
			);
			name = "bi-bap-sample-code";
			productName = "bi-bap-sample-code";
			productReference = D2BA092E1EA4DF8B00C97E08 /* bi-bap-sample-code */;
			productType = "com.apple.product-type.tool";
		};
/* End PBXNativeTarget section */

/* Begin PBXProject section */
		D2BA09261EA4DF8B00C97E08 /* Project object */ = {
			isa = PBXProject;
			attributes = {
				LastSwiftUpdateCheck = 0830;
				LastUpgradeCheck = 0830;
				ORGANIZATIONNAME = "Josef Dolezal";
				TargetAttributes = {
					D2BA092D1EA4DF8B00C97E08 = {
						CreatedOnToolsVersion = 8.3.1;
						LastSwiftMigration = 0830;
						ProvisioningStyle = Automatic;
					};
				};
			};
			buildConfigurationList = D2BA09291EA4DF8B00C97E08 /* Build configuration list for PBXProject "bi-bap-sample-code" */;
			compatibilityVersion = "Xcode 3.2";
			developmentRegion = English;
			hasScannedForEncodings = 0;
			knownRegions = (
				en,
			);
			mainGroup = D2BA09251EA4DF8B00C97E08;
			productRefGroup = D2BA092F1EA4DF8B00C97E08 /* Products */;
			projectDirPath = "";
			projectRoot = "";
			targets = (
				D2BA092D1EA4DF8B00C97E08 /* bi-bap-sample-code */,
			);
		};
/* End PBXProject section */

/* Begin PBXSourcesBuildPhase section */
		D22D707F1EB9D917002C4A42 /* Sources */ = {
			isa = PBXSourcesBuildPhase;
			buildActionMask = 2147483647;
			files = (
			);
			runOnlyForDeploymentPostprocessing = 0;
		};
/* End PBXSourcesBuildPhase section */

/* Begin XCBuildConfiguration section */
		D2BA09331EA4DF8B00C97E08 /* Debug */ = {
			isa = XCBuildConfiguration;
			buildSettings = {
				ALWAYS_SEARCH_USER_PATHS = NO;
				CLANG_ANALYZER_NONNULL = YES;
				CLANG_ANALYZER_NUMBER_OBJECT_CONVERSION = YES_AGGRESSIVE;
				CLANG_CXX_LANGUAGE_STANDARD = "gnu++0x";
				CLANG_CXX_LIBRARY = "libc++";
				CLANG_ENABLE_MODULES = YES;
				CLANG_ENABLE_OBJC_ARC = YES;
				CLANG_WARN_BOOL_CONVERSION = YES;
				CLANG_WARN_CONSTANT_CONVERSION = YES;
				CLANG_WARN_DIRECT_OBJC_ISA_USAGE = YES_ERROR;
				CLANG_WARN_DOCUMENTATION_COMMENTS = YES;
				CLANG_WARN_EMPTY_BODY = YES;
				CLANG_WARN_ENUM_CONVERSION = YES;
				CLANG_WARN_INFINITE_RECURSION = YES;
				CLANG_WARN_INT_CONVERSION = YES;
				CLANG_WARN_OBJC_ROOT_CLASS = YES_ERROR;
				CLANG_WARN_SUSPICIOUS_MOVE = YES;
				CLANG_WARN_UNREACHABLE_CODE = YES;
				CLANG_WARN__DUPLICATE_METHOD_MATCH = YES;
				CODE_SIGN_IDENTITY = "-";
				COPY_PHASE_STRIP = NO;
				DEBUG_INFORMATION_FORMAT = dwarf;
				ENABLE_STRICT_OBJC_MSGSEND = YES;
				ENABLE_TESTABILITY = YES;
				GCC_C_LANGUAGE_STANDARD = gnu99;
				GCC_DYNAMIC_NO_PIC = NO;
				GCC_NO_COMMON_BLOCKS = YES;
				GCC_OPTIMIZATION_LEVEL = 0;
				GCC_PREPROCESSOR_DEFINITIONS = (
					"DEBUG=1",
					"$(inherited)",
				);
				GCC_WARN_64_TO_32_BIT_CONVERSION = YES;
				GCC_WARN_ABOUT_RETURN_TYPE = YES_ERROR;
				GCC_WARN_UNDECLARED_SELECTOR = YES;
				GCC_WARN_UNINITIALIZED_AUTOS = YES_AGGRESSIVE;
				GCC_WARN_UNUSED_FUNCTION = YES;
				GCC_WARN_UNUSED_VARIABLE = YES;
				MACOSX_DEPLOYMENT_TARGET = 10.12;
				MTL_ENABLE_DEBUG_INFO = YES;
				ONLY_ACTIVE_ARCH = YES;
				SDKROOT = macosx;
				SWIFT_OPTIMIZATION_LEVEL = "-Onone";
			};
			name = Debug;
		};
		D2BA09341EA4DF8B00C97E08 /* Release */ = {
			isa = XCBuildConfiguration;
			buildSettings = {
				ALWAYS_SEARCH_USER_PATHS = NO;
				CLANG_ANALYZER_NONNULL = YES;
				CLANG_ANALYZER_NUMBER_OBJECT_CONVERSION = YES_AGGRESSIVE;
				CLANG_CXX_LANGUAGE_STANDARD = "gnu++0x";
				CLANG_CXX_LIBRARY = "libc++";
				CLANG_ENABLE_MODULES = YES;
				CLANG_ENABLE_OBJC_ARC = YES;
				CLANG_WARN_BOOL_CONVERSION = YES;
				CLANG_WARN_CONSTANT_CONVERSION = YES;
				CLANG_WARN_DIRECT_OBJC_ISA_USAGE = YES_ERROR;
				CLANG_WARN_DOCUMENTATION_COMMENTS = YES;
				CLANG_WARN_EMPTY_BODY = YES;
				CLANG_WARN_ENUM_CONVERSION = YES;
				CLANG_WARN_INFINITE_RECURSION = YES;
				CLANG_WARN_INT_CONVERSION = YES;
				CLANG_WARN_OBJC_ROOT_CLASS = YES_ERROR;
				CLANG_WARN_SUSPICIOUS_MOVE = YES;
				CLANG_WARN_UNREACHABLE_CODE = YES;
				CLANG_WARN__DUPLICATE_METHOD_MATCH = YES;
				CODE_SIGN_IDENTITY = "-";
				COPY_PHASE_STRIP = NO;
				DEBUG_INFORMATION_FORMAT = "dwarf-with-dsym";
				ENABLE_NS_ASSERTIONS = NO;
				ENABLE_STRICT_OBJC_MSGSEND = YES;
				GCC_C_LANGUAGE_STANDARD = gnu99;
				GCC_NO_COMMON_BLOCKS = YES;
				GCC_WARN_64_TO_32_BIT_CONVERSION = YES;
				GCC_WARN_ABOUT_RETURN_TYPE = YES_ERROR;
				GCC_WARN_UNDECLARED_SELECTOR = YES;
				GCC_WARN_UNINITIALIZED_AUTOS = YES_AGGRESSIVE;
				GCC_WARN_UNUSED_FUNCTION = YES;
				GCC_WARN_UNUSED_VARIABLE = YES;
				MACOSX_DEPLOYMENT_TARGET = 10.12;
				MTL_ENABLE_DEBUG_INFO = NO;
				SDKROOT = macosx;
			};
			name = Release;
		};
		D2BA09361EA4DF8B00C97E08 /* Debug */ = {
			isa = XCBuildConfiguration;
			buildSettings = {
				CLANG_ENABLE_MODULES = YES;
				LD_RUNPATH_SEARCH_PATHS = "$(inherited) @executable_path/../Frameworks @loader_path/../Frameworks";
				PRODUCT_NAME = "$(TARGET_NAME)";
				SWIFT_OPTIMIZATION_LEVEL = "-Onone";
				SWIFT_VERSION = 3.0;
			};
			name = Debug;
		};
		D2BA09371EA4DF8B00C97E08 /* Release */ = {
			isa = XCBuildConfiguration;
			buildSettings = {
				CLANG_ENABLE_MODULES = YES;
				LD_RUNPATH_SEARCH_PATHS = "$(inherited) @executable_path/../Frameworks @loader_path/../Frameworks";
				PRODUCT_NAME = "$(TARGET_NAME)";
				SWIFT_VERSION = 3.0;
			};
			name = Release;
		};
/* End XCBuildConfiguration section */

/* Begin XCConfigurationList section */
		D2BA09291EA4DF8B00C97E08 /* Build configuration list for PBXProject "bi-bap-sample-code" */ = {
			isa = XCConfigurationList;
			buildConfigurations = (
				D2BA09331EA4DF8B00C97E08 /* Debug */,
				D2BA09341EA4DF8B00C97E08 /* Release */,
			);
			defaultConfigurationIsVisible = 0;
			defaultConfigurationName = Release;
		};
		D2BA09351EA4DF8B00C97E08 /* Build configuration list for PBXNativeTarget "bi-bap-sample-code" */ = {
			isa = XCConfigurationList;
			buildConfigurations = (
				D2BA09361EA4DF8B00C97E08 /* Debug */,
				D2BA09371EA4DF8B00C97E08 /* Release */,
			);
			defaultConfigurationIsVisible = 0;
			defaultConfigurationName = Release;
		};
/* End XCConfigurationList section */
	};
	rootObject = D2BA09261EA4DF8B00C97E08 /* Project object */;
}
